
Microsoft Visual Studio Solution File, Format Version 12.00
# Visual Studio Version 17
VisualStudioVersion = 17.14.36414.22 d17.14
MinimumVisualStudioVersion = 10.0.40219.1
Project("{FAE04EC0-301F-11D3-BF4B-00C04F79EFBC}") = "StockDownloader1", "StockDownloader1\StockDownloader1.csproj", "{708FA84E-4526-4134-B512-4D5D46CF8232}"
EndProject
Global
	GlobalSection(SolutionConfigurationPlatforms) = preSolution
		Debug|Any CPU = Debug|Any CPU
		Release|Any CPU = Release|Any CPU
	EndGlobalSection
	GlobalSection(ProjectConfigurationPlatforms) = postSolution
		{708FA84E-4526-4134-B512-4D5D46CF8232}.Debug|Any CPU.ActiveCfg = Debug|Any CPU
		{708FA84E-4526-4134-B512-4D5D46CF8232}.Debug|Any CPU.Build.0 = Debug|Any CPU
		{708FA84E-4526-4134-B512-4D5D46CF8232}.Release|Any CPU.ActiveCfg = Release|Any CPU
		{708FA84E-4526-4134-B512-4D5D46CF8232}.Release|Any CPU.Build.0 = Release|Any CPU
	EndGlobalSection
	GlobalSection(SolutionProperties) = preSolution
		HideSolutionNode = FALSE
	EndGlobalSection
	GlobalSection(ExtensibilityGlobals) = postSolution
		SolutionGuid = {5CB0BFD1-2FA4-4E2B-86A4-D69C7E50E66A}
	EndGlobalSection
EndGlobal
